
Microsoft Visual Studio Solution File, Format Version 12.00
# Visual Studio 15
VisualStudioVersion = 15.0.28307.421
MinimumVisualStudioVersion = 10.0.40219.1
Project("{8BC9CEB8-8B4A-11D0-8D11-00A0C91BC942}") = "CalistoGravity", "CalistoGravity\CalistoGravity.vcxproj", "{32053CF5-CAD6-45B1-9C16-9A6E876F1633}"
EndProject
Project("{8BC9CEB8-8B4A-11D0-8D11-00A0C91BC942}") = "BMX160", "BMX160\BMX160.vcxitems", "{0325AD90-6FAC-4BEF-A008-9BCBAF56F909}"
EndProject
Global
	GlobalSection(SharedMSBuildProjectFiles) = preSolution
		BMX160\BMX160.vcxitems*{0325ad90-6fac-4bef-a008-9bcbaf56f909}*SharedItemsImports = 9
		BMX160\BMX160.vcxitems*{32053cf5-cad6-45b1-9c16-9a6e876f1633}*SharedItemsImports = 4
	EndGlobalSection
	GlobalSection(SolutionConfigurationPlatforms) = preSolution
		Debug|x64 = Debug|x64
		Debug|x86 = Debug|x86
		Release|x64 = Release|x64
		Release|x86 = Release|x86
	EndGlobalSection
	GlobalSection(ProjectConfigurationPlatforms) = postSolution
		{32053CF5-CAD6-45B1-9C16-9A6E876F1633}.Debug|x64.ActiveCfg = Debug|x64
		{32053CF5-CAD6-45B1-9C16-9A6E876F1633}.Debug|x64.Build.0 = Debug|x64
		{32053CF5-CAD6-45B1-9C16-9A6E876F1633}.Debug|x86.ActiveCfg = Debug|Win32
		{32053CF5-CAD6-45B1-9C16-9A6E876F1633}.Debug|x86.Build.0 = Debug|Win32
		{32053CF5-CAD6-45B1-9C16-9A6E876F1633}.Release|x64.ActiveCfg = Release|x64
		{32053CF5-CAD6-45B1-9C16-9A6E876F1633}.Release|x64.Build.0 = Release|x64
		{32053CF5-CAD6-45B1-9C16-9A6E876F1633}.Release|x86.ActiveCfg = Release|Win32
		{32053CF5-CAD6-45B1-9C16-9A6E876F1633}.Release|x86.Build.0 = Release|Win32
	EndGlobalSection
	GlobalSection(SolutionProperties) = preSolution
		HideSolutionNode = FALSE
	EndGlobalSection
	GlobalSection(ExtensibilityGlobals) = postSolution
		SolutionGuid = {086A80D6-4A42-4E94-8750-48EC931C80BE}
	EndGlobalSection
EndGlobal
